
Microsoft Visual Studio Solution File, Format Version 12.00
# Visual Studio Version 16
VisualStudioVersion = 16.0.30611.23
MinimumVisualStudioVersion = 10.0.40219.1
Project("{FAE04EC0-301F-11D3-BF4B-00C04F79EFBC}") = "myShopSolution.WepApp", "myShopSolution.WepApp\myShopSolution.WepApp.csproj", "{BA882086-5FB4-40E1-83E0-FEC36D9D79AE}"
EndProject
Project("{2150E333-8FDC-42A3-9474-1A3956D46DE8}") = "Solution Items", "Solution Items", "{144B913D-A1F1-4110-8CF2-3A6F3FB09FD7}"
	ProjectSection(SolutionItems) = preProject
		README.md = README.md
	EndProjectSection
EndProject
Project("{FAE04EC0-301F-11D3-BF4B-00C04F79EFBC}") = "myShopSolution.Data", "myShopSolution.Data\myShopSolution.Data.csproj", "{23BD3246-2874-4544-A49B-E8B0734235C3}"
EndProject
Project("{FAE04EC0-301F-11D3-BF4B-00C04F79EFBC}") = "myShopSolution.Application", "myShopSolution.Application\myShopSolution.Application.csproj", "{3D984859-4DD6-4B43-B575-C5E5E7F12D38}"
EndProject
Global
	GlobalSection(SolutionConfigurationPlatforms) = preSolution
		Debug|Any CPU = Debug|Any CPU
		Release|Any CPU = Release|Any CPU
	EndGlobalSection
	GlobalSection(ProjectConfigurationPlatforms) = postSolution
		{BA882086-5FB4-40E1-83E0-FEC36D9D79AE}.Debug|Any CPU.ActiveCfg = Debug|Any CPU
		{BA882086-5FB4-40E1-83E0-FEC36D9D79AE}.Debug|Any CPU.Build.0 = Debug|Any CPU
		{BA882086-5FB4-40E1-83E0-FEC36D9D79AE}.Release|Any CPU.ActiveCfg = Release|Any CPU
		{BA882086-5FB4-40E1-83E0-FEC36D9D79AE}.Release|Any CPU.Build.0 = Release|Any CPU
		{23BD3246-2874-4544-A49B-E8B0734235C3}.Debug|Any CPU.ActiveCfg = Debug|Any CPU
		{23BD3246-2874-4544-A49B-E8B0734235C3}.Debug|Any CPU.Build.0 = Debug|Any CPU
		{23BD3246-2874-4544-A49B-E8B0734235C3}.Release|Any CPU.ActiveCfg = Release|Any CPU
		{23BD3246-2874-4544-A49B-E8B0734235C3}.Release|Any CPU.Build.0 = Release|Any CPU
		{3D984859-4DD6-4B43-B575-C5E5E7F12D38}.Debug|Any CPU.ActiveCfg = Debug|Any CPU
		{3D984859-4DD6-4B43-B575-C5E5E7F12D38}.Debug|Any CPU.Build.0 = Debug|Any CPU
		{3D984859-4DD6-4B43-B575-C5E5E7F12D38}.Release|Any CPU.ActiveCfg = Release|Any CPU
		{3D984859-4DD6-4B43-B575-C5E5E7F12D38}.Release|Any CPU.Build.0 = Release|Any CPU
	EndGlobalSection
	GlobalSection(SolutionProperties) = preSolution
		HideSolutionNode = FALSE
	EndGlobalSection
	GlobalSection(ExtensibilityGlobals) = postSolution
		SolutionGuid = {12C58FBD-2DD1-41C5-A2F4-BCFB53F5CF5E}
	EndGlobalSection
EndGlobal
